
Microsoft Visual Studio Solution File, Format Version 12.00
# Visual Studio Version 17
VisualStudioVersion = 17.0.31903.59
MinimumVisualStudioVersion = 10.0.40219.1
Project("{2150E333-8FDC-42A3-9474-1A3956D46DE8}") = "src", "src", "{BED39755-2B67-48FC-B6A3-FAA4614D8BBB}"
EndProject
Project("{FAE04EC0-301F-11D3-BF4B-00C04F79EFBC}") = "Chirp.CSVDBService", "src\Chirp.CSVDBService\Chirp.CSVDBService.csproj", "{CA009CD4-A6ED-41E5-9ABB-2920166855E2}"
EndProject
Project("{FAE04EC0-301F-11D3-BF4B-00C04F79EFBC}") = "Chirp.CLI", "src\Chirp.CLI\Chirp.CLI.csproj", "{122027A7-A4D4-4F80-B5A0-D60BBC01615C}"
EndProject
Project("{FAE04EC0-301F-11D3-BF4B-00C04F79EFBC}") = "SimpleDB", "src\SimpleDB\SimpleDB.csproj", "{D4728E1D-0394-489D-8AF8-86E5216D173B}"
EndProject
Global
	GlobalSection(SolutionConfigurationPlatforms) = preSolution
		Debug|Any CPU = Debug|Any CPU
		Release|Any CPU = Release|Any CPU
	EndGlobalSection
	GlobalSection(SolutionProperties) = preSolution
		HideSolutionNode = FALSE
	EndGlobalSection
	GlobalSection(ProjectConfigurationPlatforms) = postSolution
		{CA009CD4-A6ED-41E5-9ABB-2920166855E2}.Debug|Any CPU.ActiveCfg = Debug|Any CPU
		{CA009CD4-A6ED-41E5-9ABB-2920166855E2}.Debug|Any CPU.Build.0 = Debug|Any CPU
		{CA009CD4-A6ED-41E5-9ABB-2920166855E2}.Release|Any CPU.ActiveCfg = Release|Any CPU
		{CA009CD4-A6ED-41E5-9ABB-2920166855E2}.Release|Any CPU.Build.0 = Release|Any CPU
		{122027A7-A4D4-4F80-B5A0-D60BBC01615C}.Debug|Any CPU.ActiveCfg = Debug|Any CPU
		{122027A7-A4D4-4F80-B5A0-D60BBC01615C}.Debug|Any CPU.Build.0 = Debug|Any CPU
		{122027A7-A4D4-4F80-B5A0-D60BBC01615C}.Release|Any CPU.ActiveCfg = Release|Any CPU
		{122027A7-A4D4-4F80-B5A0-D60BBC01615C}.Release|Any CPU.Build.0 = Release|Any CPU
		{D4728E1D-0394-489D-8AF8-86E5216D173B}.Debug|Any CPU.ActiveCfg = Debug|Any CPU
		{D4728E1D-0394-489D-8AF8-86E5216D173B}.Debug|Any CPU.Build.0 = Debug|Any CPU
		{D4728E1D-0394-489D-8AF8-86E5216D173B}.Release|Any CPU.ActiveCfg = Release|Any CPU
		{D4728E1D-0394-489D-8AF8-86E5216D173B}.Release|Any CPU.Build.0 = Release|Any CPU
	EndGlobalSection
	GlobalSection(NestedProjects) = preSolution
		{CA009CD4-A6ED-41E5-9ABB-2920166855E2} = {BED39755-2B67-48FC-B6A3-FAA4614D8BBB}
		{122027A7-A4D4-4F80-B5A0-D60BBC01615C} = {BED39755-2B67-48FC-B6A3-FAA4614D8BBB}
		{D4728E1D-0394-489D-8AF8-86E5216D173B} = {BED39755-2B67-48FC-B6A3-FAA4614D8BBB}
	EndGlobalSection
EndGlobal
