
Microsoft Visual Studio Solution File, Format Version 12.00
# Visual Studio Version 17
VisualStudioVersion = 17.0.31903.59
MinimumVisualStudioVersion = 10.0.40219.1
Project("{FAE04EC0-301F-11D3-BF4B-00C04F79EFBC}") = "Chirp.CLI", "src\Chirp.CLI\Chirp.CLI.csproj", "{90F81212-AEC6-4975-ACAB-6D634A8C4950}"
EndProject
Project("{FAE04EC0-301F-11D3-BF4B-00C04F79EFBC}") = "SimpleDB", "src\SimpleDB\SimpleDB.csproj", "{35F47749-7516-48F8-9B9F-741FA7F79BC2}"
EndProject
Global
	GlobalSection(SolutionConfigurationPlatforms) = preSolution
		Debug|Any CPU = Debug|Any CPU
		Release|Any CPU = Release|Any CPU
	EndGlobalSection
	GlobalSection(SolutionProperties) = preSolution
		HideSolutionNode = FALSE
	EndGlobalSection
	GlobalSection(ProjectConfigurationPlatforms) = postSolution
		{90F81212-AEC6-4975-ACAB-6D634A8C4950}.Debug|Any CPU.ActiveCfg = Debug|Any CPU
		{90F81212-AEC6-4975-ACAB-6D634A8C4950}.Debug|Any CPU.Build.0 = Debug|Any CPU
		{90F81212-AEC6-4975-ACAB-6D634A8C4950}.Release|Any CPU.ActiveCfg = Release|Any CPU
		{90F81212-AEC6-4975-ACAB-6D634A8C4950}.Release|Any CPU.Build.0 = Release|Any CPU
		{35F47749-7516-48F8-9B9F-741FA7F79BC2}.Debug|Any CPU.ActiveCfg = Debug|Any CPU
		{35F47749-7516-48F8-9B9F-741FA7F79BC2}.Debug|Any CPU.Build.0 = Debug|Any CPU
		{35F47749-7516-48F8-9B9F-741FA7F79BC2}.Release|Any CPU.ActiveCfg = Release|Any CPU
		{35F47749-7516-48F8-9B9F-741FA7F79BC2}.Release|Any CPU.Build.0 = Release|Any CPU
	EndGlobalSection
EndGlobal
